
Microsoft Visual Studio Solution File, Format Version 12.00
# Visual Studio Version 17
VisualStudioVersion = 17.0.32112.339
MinimumVisualStudioVersion = 10.0.40219.1
Project("{8BC9CEB8-8B4A-11D0-8D11-00A0C91BC942}") = "Dairesel Tek Yonlu Liste", "Dairesel Tek Yonlu Liste\Dairesel Tek Yonlu Liste.vcxproj", "{F4A5BBB7-76EA-411B-95FF-A7E8FE1505CB}"
EndProject
Global
	GlobalSection(SolutionConfigurationPlatforms) = preSolution
		Debug|x64 = Debug|x64
		Debug|x86 = Debug|x86
		Release|x64 = Release|x64
		Release|x86 = Release|x86
	EndGlobalSection
	GlobalSection(ProjectConfigurationPlatforms) = postSolution
		{F4A5BBB7-76EA-411B-95FF-A7E8FE1505CB}.Debug|x64.ActiveCfg = Debug|x64
		{F4A5BBB7-76EA-411B-95FF-A7E8FE1505CB}.Debug|x64.Build.0 = Debug|x64
		{F4A5BBB7-76EA-411B-95FF-A7E8FE1505CB}.Debug|x86.ActiveCfg = Debug|Win32
		{F4A5BBB7-76EA-411B-95FF-A7E8FE1505CB}.Debug|x86.Build.0 = Debug|Win32
		{F4A5BBB7-76EA-411B-95FF-A7E8FE1505CB}.Release|x64.ActiveCfg = Release|x64
		{F4A5BBB7-76EA-411B-95FF-A7E8FE1505CB}.Release|x64.Build.0 = Release|x64
		{F4A5BBB7-76EA-411B-95FF-A7E8FE1505CB}.Release|x86.ActiveCfg = Release|Win32
		{F4A5BBB7-76EA-411B-95FF-A7E8FE1505CB}.Release|x86.Build.0 = Release|Win32
	EndGlobalSection
	GlobalSection(SolutionProperties) = preSolution
		HideSolutionNode = FALSE
	EndGlobalSection
	GlobalSection(ExtensibilityGlobals) = postSolution
		SolutionGuid = {27325F68-0E30-466A-86F2-7B1D8E1D6C0F}
	EndGlobalSection
EndGlobal
